// !$*UTF8*$!
{
	archiveVersion = 1;
	classes = {
	};
	objectVersion = 48;
	objects = {

/* Begin PBXBuildFile section */
		0941DE55208EE974002C6B51 /* AppState.swift in Sources */ = {isa = PBXBuildFile; fileRef = 0941DE54208EE974002C6B51 /* AppState.swift */; };
		0941DE57208EECB4002C6B51 /* Injector.swift in Sources */ = {isa = PBXBuildFile; fileRef = 0941DE56208EECB4002C6B51 /* Injector.swift */; };
		0941DE5D208EF2B1002C6B51 /* NearbyPlacesService.swift in Sources */ = {isa = PBXBuildFile; fileRef = 0941DE5C208EF2B1002C6B51 /* NearbyPlacesService.swift */; };
		0941DE5F208EF4F0002C6B51 /* ServicesConstant.swift in Sources */ = {isa = PBXBuildFile; fileRef = 0941DE5E208EF4F0002C6B51 /* ServicesConstant.swift */; };
		0941DE61208EF790002C6B51 /* AppReducer.swift in Sources */ = {isa = PBXBuildFile; fileRef = 0941DE60208EF790002C6B51 /* AppReducer.swift */; };
		0941DE68208EFB91002C6B51 /* PlacesViewController.swift in Sources */ = {isa = PBXBuildFile; fileRef = 0941DE63208EFB91002C6B51 /* PlacesViewController.swift */; };
		0941DE69208EFB91002C6B51 /* PlacesViewController.xib in Resources */ = {isa = PBXBuildFile; fileRef = 0941DE64208EFB91002C6B51 /* PlacesViewController.xib */; };
		0941DE6A208EFB91002C6B51 /* PlaceCollectionViewCell.swift in Sources */ = {isa = PBXBuildFile; fileRef = 0941DE66208EFB91002C6B51 /* PlaceCollectionViewCell.swift */; };
		0941DE6B208EFB91002C6B51 /* PlaceCollectionViewCell.xib in Resources */ = {isa = PBXBuildFile; fileRef = 0941DE67208EFB91002C6B51 /* PlaceCollectionViewCell.xib */; };
		0941DE6D208EFBA3002C6B51 /* UIView+FoursquareClone.swift in Sources */ = {isa = PBXBuildFile; fileRef = 0941DE6C208EFBA3002C6B51 /* UIView+FoursquareClone.swift */; };
		0970534B208B49F800882A9B /* AppDelegate.swift in Sources */ = {isa = PBXBuildFile; fileRef = 0970534A208B49F800882A9B /* AppDelegate.swift */; };
		0970534D208B49F800882A9B /* ViewController.swift in Sources */ = {isa = PBXBuildFile; fileRef = 0970534C208B49F800882A9B /* ViewController.swift */; };
		09705350208B49F800882A9B /* Main.storyboard in Resources */ = {isa = PBXBuildFile; fileRef = 0970534E208B49F800882A9B /* Main.storyboard */; };
		09705352208B49F800882A9B /* Assets.xcassets in Resources */ = {isa = PBXBuildFile; fileRef = 09705351208B49F800882A9B /* Assets.xcassets */; };
		09705355208B49F800882A9B /* LaunchScreen.storyboard in Resources */ = {isa = PBXBuildFile; fileRef = 09705353208B49F800882A9B /* LaunchScreen.storyboard */; };
		09705360208B49F900882A9B /* MoyaAndRxSwiftTests.swift in Sources */ = {isa = PBXBuildFile; fileRef = 0970535F208B49F900882A9B /* MoyaAndRxSwiftTests.swift */; };
		0970536B208B49F900882A9B /* MoyaAndRxSwiftUITests.swift in Sources */ = {isa = PBXBuildFile; fileRef = 0970536A208B49F900882A9B /* MoyaAndRxSwiftUITests.swift */; };
		09705379208B4A0800882A9B /* Podfile in Resources */ = {isa = PBXBuildFile; fileRef = 09705378208B4A0800882A9B /* Podfile */; };
		09705385208B4B9A00882A9B /* FetchPlacesAction.swift in Sources */ = {isa = PBXBuildFile; fileRef = 09705384208B4B9A00882A9B /* FetchPlacesAction.swift */; };
		09705387208B4D4000882A9B /* Category.swift in Sources */ = {isa = PBXBuildFile; fileRef = 09705386208B4D3F00882A9B /* Category.swift */; };
		09705389208B4DF200882A9B /* PlaceTip.swift in Sources */ = {isa = PBXBuildFile; fileRef = 09705388208B4DF200882A9B /* PlaceTip.swift */; };
		0970538B208B4F1C00882A9B /* PhotoItem.swift in Sources */ = {isa = PBXBuildFile; fileRef = 0970538A208B4F1C00882A9B /* PhotoItem.swift */; };
		0970538D208B4FD900882A9B /* PhotoGroup.swift in Sources */ = {isa = PBXBuildFile; fileRef = 0970538C208B4FD900882A9B /* PhotoGroup.swift */; };
		0970538F208B511900882A9B /* Place.swift in Sources */ = {isa = PBXBuildFile; fileRef = 0970538E208B511900882A9B /* Place.swift */; };
		09705391208B53D500882A9B /* Group.swift in Sources */ = {isa = PBXBuildFile; fileRef = 09705390208B53D500882A9B /* Group.swift */; };
		09705393208B546D00882A9B /* LocationPlaces.swift in Sources */ = {isa = PBXBuildFile; fileRef = 09705392208B546D00882A9B /* LocationPlaces.swift */; };
		09705395208B585400882A9B /* PlacesApi.swift in Sources */ = {isa = PBXBuildFile; fileRef = 09705394208B585400882A9B /* PlacesApi.swift */; };
		09705397208B5F3600882A9B /* PlacesService.swift in Sources */ = {isa = PBXBuildFile; fileRef = 09705396208B5F3600882A9B /* PlacesService.swift */; };
		09705399208B67CD00882A9B /* UserLocationService.swift in Sources */ = {isa = PBXBuildFile; fileRef = 09705398208B67CD00882A9B /* UserLocationService.swift */; };
		853CD18C3FB3D230441C9506 /* Pods_MoyaAndRxSwift.framework in Frameworks */ = {isa = PBXBuildFile; fileRef = 17C0E52507D8C276FBCA7E58 /* Pods_MoyaAndRxSwift.framework */; };
/* End PBXBuildFile section */

/* Begin PBXContainerItemProxy section */
		0970535C208B49F900882A9B /* PBXContainerItemProxy */ = {
			isa = PBXContainerItemProxy;
			containerPortal = 0970533F208B49F800882A9B /* Project object */;
			proxyType = 1;
			remoteGlobalIDString = 09705346208B49F800882A9B;
			remoteInfo = MoyaAndRxSwift;
		};
		09705367208B49F900882A9B /* PBXContainerItemProxy */ = {
			isa = PBXContainerItemProxy;
			containerPortal = 0970533F208B49F800882A9B /* Project object */;
			proxyType = 1;
			remoteGlobalIDString = 09705346208B49F800882A9B;
			remoteInfo = MoyaAndRxSwift;
		};
/* End PBXContainerItemProxy section */

/* Begin PBXFileReference section */
		0941DE54208EE974002C6B51 /* AppState.swift */ = {isa = PBXFileReference; lastKnownFileType = sourcecode.swift; path = AppState.swift; sourceTree = "<group>"; };
		0941DE56208EECB4002C6B51 /* Injector.swift */ = {isa = PBXFileReference; lastKnownFileType = sourcecode.swift; path = Injector.swift; sourceTree = "<group>"; };
		0941DE5C208EF2B1002C6B51 /* NearbyPlacesService.swift */ = {isa = PBXFileReference; lastKnownFileType = sourcecode.swift; path = NearbyPlacesService.swift; sourceTree = "<group>"; };
		0941DE5E208EF4F0002C6B51 /* ServicesConstant.swift */ = {isa = PBXFileReference; lastKnownFileType = sourcecode.swift; path = ServicesConstant.swift; sourceTree = "<group>"; };
		0941DE60208EF790002C6B51 /* AppReducer.swift */ = {isa = PBXFileReference; lastKnownFileType = sourcecode.swift; path = AppReducer.swift; sourceTree = "<group>"; };
		0941DE63208EFB91002C6B51 /* PlacesViewController.swift */ = {isa = PBXFileReference; fileEncoding = 4; lastKnownFileType = sourcecode.swift; path = PlacesViewController.swift; sourceTree = "<group>"; };
		0941DE64208EFB91002C6B51 /* PlacesViewController.xib */ = {isa = PBXFileReference; fileEncoding = 4; lastKnownFileType = file.xib; path = PlacesViewController.xib; sourceTree = "<group>"; };
		0941DE66208EFB91002C6B51 /* PlaceCollectionViewCell.swift */ = {isa = PBXFileReference; fileEncoding = 4; lastKnownFileType = sourcecode.swift; path = PlaceCollectionViewCell.swift; sourceTree = "<group>"; };
		0941DE67208EFB91002C6B51 /* PlaceCollectionViewCell.xib */ = {isa = PBXFileReference; fileEncoding = 4; lastKnownFileType = file.xib; path = PlaceCollectionViewCell.xib; sourceTree = "<group>"; };
		0941DE6C208EFBA3002C6B51 /* UIView+FoursquareClone.swift */ = {isa = PBXFileReference; fileEncoding = 4; lastKnownFileType = sourcecode.swift; path = "UIView+FoursquareClone.swift"; sourceTree = "<group>"; };
		09705347208B49F800882A9B /* MoyaAndRxSwift.app */ = {isa = PBXFileReference; explicitFileType = wrapper.application; includeInIndex = 0; path = MoyaAndRxSwift.app; sourceTree = BUILT_PRODUCTS_DIR; };
		0970534A208B49F800882A9B /* AppDelegate.swift */ = {isa = PBXFileReference; lastKnownFileType = sourcecode.swift; path = AppDelegate.swift; sourceTree = "<group>"; };
		0970534C208B49F800882A9B /* ViewController.swift */ = {isa = PBXFileReference; lastKnownFileType = sourcecode.swift; path = ViewController.swift; sourceTree = "<group>"; };
		0970534F208B49F800882A9B /* Base */ = {isa = PBXFileReference; lastKnownFileType = file.storyboard; name = Base; path = Base.lproj/Main.storyboard; sourceTree = "<group>"; };
		09705351208B49F800882A9B /* Assets.xcassets */ = {isa = PBXFileReference; lastKnownFileType = folder.assetcatalog; path = Assets.xcassets; sourceTree = "<group>"; };
		09705354208B49F800882A9B /* Base */ = {isa = PBXFileReference; lastKnownFileType = file.storyboard; name = Base; path = Base.lproj/LaunchScreen.storyboard; sourceTree = "<group>"; };
		09705356208B49F900882A9B /* Info.plist */ = {isa = PBXFileReference; lastKnownFileType = text.plist.xml; path = Info.plist; sourceTree = "<group>"; };
		0970535B208B49F900882A9B /* MoyaAndRxSwiftTests.xctest */ = {isa = PBXFileReference; explicitFileType = wrapper.cfbundle; includeInIndex = 0; path = MoyaAndRxSwiftTests.xctest; sourceTree = BUILT_PRODUCTS_DIR; };
		0970535F208B49F900882A9B /* MoyaAndRxSwiftTests.swift */ = {isa = PBXFileReference; lastKnownFileType = sourcecode.swift; path = MoyaAndRxSwiftTests.swift; sourceTree = "<group>"; };
		09705361208B49F900882A9B /* Info.plist */ = {isa = PBXFileReference; lastKnownFileType = text.plist.xml; path = Info.plist; sourceTree = "<group>"; };
		09705366208B49F900882A9B /* MoyaAndRxSwiftUITests.xctest */ = {isa = PBXFileReference; explicitFileType = wrapper.cfbundle; includeInIndex = 0; path = MoyaAndRxSwiftUITests.xctest; sourceTree = BUILT_PRODUCTS_DIR; };
		0970536A208B49F900882A9B /* MoyaAndRxSwiftUITests.swift */ = {isa = PBXFileReference; lastKnownFileType = sourcecode.swift; path = MoyaAndRxSwiftUITests.swift; sourceTree = "<group>"; };
		0970536C208B49F900882A9B /* Info.plist */ = {isa = PBXFileReference; lastKnownFileType = text.plist.xml; path = Info.plist; sourceTree = "<group>"; };
		09705378208B4A0800882A9B /* Podfile */ = {isa = PBXFileReference; lastKnownFileType = text; path = Podfile; sourceTree = "<group>"; };
		09705384208B4B9A00882A9B /* FetchPlacesAction.swift */ = {isa = PBXFileReference; lastKnownFileType = sourcecode.swift; path = FetchPlacesAction.swift; sourceTree = "<group>"; };
		09705386208B4D3F00882A9B /* Category.swift */ = {isa = PBXFileReference; lastKnownFileType = sourcecode.swift; path = Category.swift; sourceTree = "<group>"; };
		09705388208B4DF200882A9B /* PlaceTip.swift */ = {isa = PBXFileReference; lastKnownFileType = sourcecode.swift; path = PlaceTip.swift; sourceTree = "<group>"; };
		0970538A208B4F1C00882A9B /* PhotoItem.swift */ = {isa = PBXFileReference; lastKnownFileType = sourcecode.swift; path = PhotoItem.swift; sourceTree = "<group>"; };
		0970538C208B4FD900882A9B /* PhotoGroup.swift */ = {isa = PBXFileReference; lastKnownFileType = sourcecode.swift; path = PhotoGroup.swift; sourceTree = "<group>"; };
		0970538E208B511900882A9B /* Place.swift */ = {isa = PBXFileReference; lastKnownFileType = sourcecode.swift; path = Place.swift; sourceTree = "<group>"; };
		09705390208B53D500882A9B /* Group.swift */ = {isa = PBXFileReference; lastKnownFileType = sourcecode.swift; path = Group.swift; sourceTree = "<group>"; };
		09705392208B546D00882A9B /* LocationPlaces.swift */ = {isa = PBXFileReference; lastKnownFileType = sourcecode.swift; path = LocationPlaces.swift; sourceTree = "<group>"; };
		09705394208B585400882A9B /* PlacesApi.swift */ = {isa = PBXFileReference; lastKnownFileType = sourcecode.swift; path = PlacesApi.swift; sourceTree = "<group>"; };
		09705396208B5F3600882A9B /* PlacesService.swift */ = {isa = PBXFileReference; lastKnownFileType = sourcecode.swift; path = PlacesService.swift; sourceTree = "<group>"; };
		09705398208B67CD00882A9B /* UserLocationService.swift */ = {isa = PBXFileReference; lastKnownFileType = sourcecode.swift; path = UserLocationService.swift; sourceTree = "<group>"; };
		17C0E52507D8C276FBCA7E58 /* Pods_MoyaAndRxSwift.framework */ = {isa = PBXFileReference; explicitFileType = wrapper.framework; includeInIndex = 0; path = Pods_MoyaAndRxSwift.framework; sourceTree = BUILT_PRODUCTS_DIR; };
		3375093406753483E6E1C38C /* Pods-MoyaAndRxSwift.release.xcconfig */ = {isa = PBXFileReference; includeInIndex = 1; lastKnownFileType = text.xcconfig; name = "Pods-MoyaAndRxSwift.release.xcconfig"; path = "Pods/Target Support Files/Pods-MoyaAndRxSwift/Pods-MoyaAndRxSwift.release.xcconfig"; sourceTree = "<group>"; };
		D6F9A4B7D47B055B471F2A14 /* Pods-MoyaAndRxSwift.debug.xcconfig */ = {isa = PBXFileReference; includeInIndex = 1; lastKnownFileType = text.xcconfig; name = "Pods-MoyaAndRxSwift.debug.xcconfig"; path = "Pods/Target Support Files/Pods-MoyaAndRxSwift/Pods-MoyaAndRxSwift.debug.xcconfig"; sourceTree = "<group>"; };
/* End PBXFileReference section */

/* Begin PBXFrameworksBuildPhase section */
		09705344208B49F800882A9B /* Frameworks */ = {
			isa = PBXFrameworksBuildPhase;
			buildActionMask = 2147483647;
			files = (
				853CD18C3FB3D230441C9506 /* Pods_MoyaAndRxSwift.framework in Frameworks */,
			);
			runOnlyForDeploymentPostprocessing = 0;
		};
		09705358208B49F900882A9B /* Frameworks */ = {
			isa = PBXFrameworksBuildPhase;
			buildActionMask = 2147483647;
			files = (
			);
			runOnlyForDeploymentPostprocessing = 0;
		};
		09705363208B49F900882A9B /* Frameworks */ = {
			isa = PBXFrameworksBuildPhase;
			buildActionMask = 2147483647;
			files = (
			);
			runOnlyForDeploymentPostprocessing = 0;
		};
/* End PBXFrameworksBuildPhase section */

/* Begin PBXGroup section */
		0941DE58208EEECC002C6B51 /* Places */ = {
			isa = PBXGroup;
			children = (
				0941DE65208EFB91002C6B51 /* PlaceCollectionViewCell */,
				0941DE62208EFB91002C6B51 /* PlacesViewController */,
			);
			path = Places;
			sourceTree = "<group>";
		};
		0941DE62208EFB91002C6B51 /* PlacesViewController */ = {
			isa = PBXGroup;
			children = (
				0941DE63208EFB91002C6B51 /* PlacesViewController.swift */,
				0941DE64208EFB91002C6B51 /* PlacesViewController.xib */,
			);
			name = PlacesViewController;
			path = "../../../../../../Downloads/foursquare-clone-ios-master/Foursquare Clone/View/Places/PlacesViewController";
			sourceTree = "<group>";
		};
		0941DE65208EFB91002C6B51 /* PlaceCollectionViewCell */ = {
			isa = PBXGroup;
			children = (
				0941DE66208EFB91002C6B51 /* PlaceCollectionViewCell.swift */,
				0941DE67208EFB91002C6B51 /* PlaceCollectionViewCell.xib */,
			);
			path = PlaceCollectionViewCell;
			sourceTree = "<group>";
		};
		0970533E208B49F800882A9B = {
			isa = PBXGroup;
			children = (
				09705378208B4A0800882A9B /* Podfile */,
				09705349208B49F800882A9B /* MoyaAndRxSwift */,
				0970535E208B49F900882A9B /* MoyaAndRxSwiftTests */,
				09705369208B49F900882A9B /* MoyaAndRxSwiftUITests */,
				09705348208B49F800882A9B /* Products */,
				71161BBD0FB7E17F03F41962 /* Pods */,
				CCD6B7A58BF96C1E743BBFD0 /* Frameworks */,
			);
			sourceTree = "<group>";
		};
		09705348208B49F800882A9B /* Products */ = {
			isa = PBXGroup;
			children = (
				09705347208B49F800882A9B /* MoyaAndRxSwift.app */,
				0970535B208B49F900882A9B /* MoyaAndRxSwiftTests.xctest */,
				09705366208B49F900882A9B /* MoyaAndRxSwiftUITests.xctest */,
			);
			name = Products;
			sourceTree = "<group>";
		};
		09705349208B49F800882A9B /* MoyaAndRxSwift */ = {
			isa = PBXGroup;
			children = (
				0970537A208B4ACC00882A9B /* Actions */,
				0970537B208B4AD300882A9B /* Extensions */,
				0970537C208B4AE500882A9B /* Injector */,
				0970537D208B4AE900882A9B /* Models */,
				0970537E208B4B0400882A9B /* Networking */,
				0970537F208B4B1400882A9B /* Reducers */,
				09705380208B4B1C00882A9B /* Services */,
				09705381208B4B3100882A9B /* State */,
				09705382208B4B3700882A9B /* Stubbed Responses */,
				09705383208B4B3D00882A9B /* View */,
				0970534A208B49F800882A9B /* AppDelegate.swift */,
				0970534C208B49F800882A9B /* ViewController.swift */,
				0970534E208B49F800882A9B /* Main.storyboard */,
				09705351208B49F800882A9B /* Assets.xcassets */,
				09705353208B49F800882A9B /* LaunchScreen.storyboard */,
				09705356208B49F900882A9B /* Info.plist */,
			);
			path = MoyaAndRxSwift;
			sourceTree = "<group>";
		};
		0970535E208B49F900882A9B /* MoyaAndRxSwiftTests */ = {
			isa = PBXGroup;
			children = (
				0970535F208B49F900882A9B /* MoyaAndRxSwiftTests.swift */,
				09705361208B49F900882A9B /* Info.plist */,
			);
			path = MoyaAndRxSwiftTests;
			sourceTree = "<group>";
		};
		09705369208B49F900882A9B /* MoyaAndRxSwiftUITests */ = {
			isa = PBXGroup;
			children = (
				0970536A208B49F900882A9B /* MoyaAndRxSwiftUITests.swift */,
				0970536C208B49F900882A9B /* Info.plist */,
			);
			path = MoyaAndRxSwiftUITests;
			sourceTree = "<group>";
		};
		0970537A208B4ACC00882A9B /* Actions */ = {
			isa = PBXGroup;
			children = (
				09705384208B4B9A00882A9B /* FetchPlacesAction.swift */,
			);
			path = Actions;
			sourceTree = "<group>";
		};
		0970537B208B4AD300882A9B /* Extensions */ = {
			isa = PBXGroup;
			children = (
				0941DE6C208EFBA3002C6B51 /* UIView+FoursquareClone.swift */,
			);
			path = Extensions;
			sourceTree = "<group>";
		};
		0970537C208B4AE500882A9B /* Injector */ = {
			isa = PBXGroup;
			children = (
				0941DE56208EECB4002C6B51 /* Injector.swift */,
			);
			path = Injector;
			sourceTree = "<group>";
		};
		0970537D208B4AE900882A9B /* Models */ = {
			isa = PBXGroup;
			children = (
				09705386208B4D3F00882A9B /* Category.swift */,
				09705388208B4DF200882A9B /* PlaceTip.swift */,
				0970538A208B4F1C00882A9B /* PhotoItem.swift */,
				0970538C208B4FD900882A9B /* PhotoGroup.swift */,
				0970538E208B511900882A9B /* Place.swift */,
				09705390208B53D500882A9B /* Group.swift */,
				09705392208B546D00882A9B /* LocationPlaces.swift */,
			);
			path = Models;
			sourceTree = "<group>";
		};
		0970537E208B4B0400882A9B /* Networking */ = {
			isa = PBXGroup;
			children = (
				09705394208B585400882A9B /* PlacesApi.swift */,
			);
			path = Networking;
			sourceTree = "<group>";
		};
		0970537F208B4B1400882A9B /* Reducers */ = {
			isa = PBXGroup;
			children = (
				0941DE60208EF790002C6B51 /* AppReducer.swift */,
			);
			path = Reducers;
			sourceTree = "<group>";
		};
		09705380208B4B1C00882A9B /* Services */ = {
			isa = PBXGroup;
			children = (
				09705396208B5F3600882A9B /* PlacesService.swift */,
				09705398208B67CD00882A9B /* UserLocationService.swift */,
				0941DE5C208EF2B1002C6B51 /* NearbyPlacesService.swift */,
				0941DE5E208EF4F0002C6B51 /* ServicesConstant.swift */,
			);
			path = Services;
			sourceTree = "<group>";
		};
		09705381208B4B3100882A9B /* State */ = {
			isa = PBXGroup;
			children = (
				0941DE54208EE974002C6B51 /* AppState.swift */,
			);
			path = State;
			sourceTree = "<group>";
		};
		09705382208B4B3700882A9B /* Stubbed Responses */ = {
			isa = PBXGroup;
			children = (
			);
			path = "Stubbed Responses";
			sourceTree = "<group>";
		};
		09705383208B4B3D00882A9B /* View */ = {
			isa = PBXGroup;
			children = (
				0941DE58208EEECC002C6B51 /* Places */,
			);
			path = View;
			sourceTree = "<group>";
		};
		71161BBD0FB7E17F03F41962 /* Pods */ = {
			isa = PBXGroup;
			children = (
				D6F9A4B7D47B055B471F2A14 /* Pods-MoyaAndRxSwift.debug.xcconfig */,
				3375093406753483E6E1C38C /* Pods-MoyaAndRxSwift.release.xcconfig */,
			);
			name = Pods;
			sourceTree = "<group>";
		};
		CCD6B7A58BF96C1E743BBFD0 /* Frameworks */ = {
			isa = PBXGroup;
			children = (
				17C0E52507D8C276FBCA7E58 /* Pods_MoyaAndRxSwift.framework */,
			);
			name = Frameworks;
			sourceTree = "<group>";
		};
/* End PBXGroup section */

/* Begin PBXNativeTarget section */
		09705346208B49F800882A9B /* MoyaAndRxSwift */ = {
			isa = PBXNativeTarget;
			buildConfigurationList = 0970536F208B49F900882A9B /* Build configuration list for PBXNativeTarget "MoyaAndRxSwift" */;
			buildPhases = (
				3C9DB42388A4439AFFA894D9 /* [CP] Check Pods Manifest.lock */,
				09705343208B49F800882A9B /* Sources */,
				09705344208B49F800882A9B /* Frameworks */,
				09705345208B49F800882A9B /* Resources */,
				FB8989470152E86B51A08482 /* [CP] Embed Pods Frameworks */,
				3CC85FF486BD1E9B6BC7B412 /* [CP] Copy Pods Resources */,
			);
			buildRules = (
			);
			dependencies = (
			);
			name = MoyaAndRxSwift;
			productName = MoyaAndRxSwift;
			productReference = 09705347208B49F800882A9B /* MoyaAndRxSwift.app */;
			productType = "com.apple.product-type.application";
		};
		0970535A208B49F900882A9B /* MoyaAndRxSwiftTests */ = {
			isa = PBXNativeTarget;
			buildConfigurationList = 09705372208B49F900882A9B /* Build configuration list for PBXNativeTarget "MoyaAndRxSwiftTests" */;
			buildPhases = (
				09705357208B49F900882A9B /* Sources */,
				09705358208B49F900882A9B /* Frameworks */,
				09705359208B49F900882A9B /* Resources */,
			);
			buildRules = (
			);
			dependencies = (
				0970535D208B49F900882A9B /* PBXTargetDependency */,
			);
			name = MoyaAndRxSwiftTests;
			productName = MoyaAndRxSwiftTests;
			productReference = 0970535B208B49F900882A9B /* MoyaAndRxSwiftTests.xctest */;
			productType = "com.apple.product-type.bundle.unit-test";
		};
		09705365208B49F900882A9B /* MoyaAndRxSwiftUITests */ = {
			isa = PBXNativeTarget;
			buildConfigurationList = 09705375208B49F900882A9B /* Build configuration list for PBXNativeTarget "MoyaAndRxSwiftUITests" */;
			buildPhases = (
				09705362208B49F900882A9B /* Sources */,
				09705363208B49F900882A9B /* Frameworks */,
				09705364208B49F900882A9B /* Resources */,
			);
			buildRules = (
			);
			dependencies = (
				09705368208B49F900882A9B /* PBXTargetDependency */,
			);
			name = MoyaAndRxSwiftUITests;
			productName = MoyaAndRxSwiftUITests;
			productReference = 09705366208B49F900882A9B /* MoyaAndRxSwiftUITests.xctest */;
			productType = "com.apple.product-type.bundle.ui-testing";
		};
/* End PBXNativeTarget section */

/* Begin PBXProject section */
		0970533F208B49F800882A9B /* Project object */ = {
			isa = PBXProject;
			attributes = {
				LastSwiftUpdateCheck = 0920;
				LastUpgradeCheck = 0920;
				ORGANIZATIONNAME = iDeveloper2;
				TargetAttributes = {
					09705346208B49F800882A9B = {
						CreatedOnToolsVersion = 9.2;
						ProvisioningStyle = Automatic;
					};
					0970535A208B49F900882A9B = {
						CreatedOnToolsVersion = 9.2;
						ProvisioningStyle = Automatic;
						TestTargetID = 09705346208B49F800882A9B;
					};
					09705365208B49F900882A9B = {
						CreatedOnToolsVersion = 9.2;
						ProvisioningStyle = Automatic;
						TestTargetID = 09705346208B49F800882A9B;
					};
				};
			};
			buildConfigurationList = 09705342208B49F800882A9B /* Build configuration list for PBXProject "MoyaAndRxSwift" */;
			compatibilityVersion = "Xcode 8.0";
			developmentRegion = en;
			hasScannedForEncodings = 0;
			knownRegions = (
				en,
				Base,
			);
			mainGroup = 0970533E208B49F800882A9B;
			productRefGroup = 09705348208B49F800882A9B /* Products */;
			projectDirPath = "";
			projectRoot = "";
			targets = (
				09705346208B49F800882A9B /* MoyaAndRxSwift */,
				0970535A208B49F900882A9B /* MoyaAndRxSwiftTests */,
				09705365208B49F900882A9B /* MoyaAndRxSwiftUITests */,
			);
		};
/* End PBXProject section */

/* Begin PBXResourcesBuildPhase section */
		09705345208B49F800882A9B /* Resources */ = {
			isa = PBXResourcesBuildPhase;
			buildActionMask = 2147483647;
			files = (
				09705355208B49F800882A9B /* LaunchScreen.storyboard in Resources */,
				09705352208B49F800882A9B /* Assets.xcassets in Resources */,
				0941DE6B208EFB91002C6B51 /* PlaceCollectionViewCell.xib in Resources */,
				0941DE69208EFB91002C6B51 /* PlacesViewController.xib in Resources */,
				09705379208B4A0800882A9B /* Podfile in Resources */,
				09705350208B49F800882A9B /* Main.storyboard in Resources */,
			);
			runOnlyForDeploymentPostprocessing = 0;
		};
		09705359208B49F900882A9B /* Resources */ = {
			isa = PBXResourcesBuildPhase;
			buildActionMask = 2147483647;
			files = (
			);
			runOnlyForDeploymentPostprocessing = 0;
		};
		09705364208B49F900882A9B /* Resources */ = {
			isa = PBXResourcesBuildPhase;
			buildActionMask = 2147483647;
			files = (
			);
			runOnlyForDeploymentPostprocessing = 0;
		};
/* End PBXResourcesBuildPhase section */

/* Begin PBXShellScriptBuildPhase section */
		3C9DB42388A4439AFFA894D9 /* [CP] Check Pods Manifest.lock */ = {
			isa = PBXShellScriptBuildPhase;
			buildActionMask = 2147483647;
			files = (
			);
			inputPaths = (
				"${PODS_PODFILE_DIR_PATH}/Podfile.lock",
				"${PODS_ROOT}/Manifest.lock",
			);
			name = "[CP] Check Pods Manifest.lock";
			outputPaths = (
				"$(DERIVED_FILE_DIR)/Pods-MoyaAndRxSwift-checkManifestLockResult.txt",
			);
			runOnlyForDeploymentPostprocessing = 0;
			shellPath = /bin/sh;
			shellScript = "diff \"${PODS_PODFILE_DIR_PATH}/Podfile.lock\" \"${PODS_ROOT}/Manifest.lock\" > /dev/null\nif [ $? != 0 ] ; then\n    # print error to STDERR\n    echo \"error: The sandbox is not in sync with the Podfile.lock. Run 'pod install' or update your CocoaPods installation.\" >&2\n    exit 1\nfi\n# This output is used by Xcode 'outputs' to avoid re-running this script phase.\necho \"SUCCESS\" > \"${SCRIPT_OUTPUT_FILE_0}\"\n";
			showEnvVarsInLog = 0;
		};
		3CC85FF486BD1E9B6BC7B412 /* [CP] Copy Pods Resources */ = {
			isa = PBXShellScriptBuildPhase;
			buildActionMask = 2147483647;
			files = (
			);
			inputPaths = (
			);
			name = "[CP] Copy Pods Resources";
			outputPaths = (
			);
			runOnlyForDeploymentPostprocessing = 0;
			shellPath = /bin/sh;
			shellScript = "\"${SRCROOT}/Pods/Target Support Files/Pods-MoyaAndRxSwift/Pods-MoyaAndRxSwift-resources.sh\"\n";
			showEnvVarsInLog = 0;
		};
		FB8989470152E86B51A08482 /* [CP] Embed Pods Frameworks */ = {
			isa = PBXShellScriptBuildPhase;
			buildActionMask = 2147483647;
			files = (
			);
			inputPaths = (
				"${SRCROOT}/Pods/Target Support Files/Pods-MoyaAndRxSwift/Pods-MoyaAndRxSwift-frameworks.sh",
				"${BUILT_PRODUCTS_DIR}/Alamofire/Alamofire.framework",
				"${BUILT_PRODUCTS_DIR}/Hero/Hero.framework",
				"${BUILT_PRODUCTS_DIR}/Kingfisher/Kingfisher.framework",
				"${BUILT_PRODUCTS_DIR}/ModelMapper/Mapper.framework",
				"${BUILT_PRODUCTS_DIR}/Moya/Moya.framework",
				"${BUILT_PRODUCTS_DIR}/Moya-ModelMapper/Moya_ModelMapper.framework",
				"${BUILT_PRODUCTS_DIR}/ReSwift/ReSwift.framework",
				"${BUILT_PRODUCTS_DIR}/Result/Result.framework",
				"${BUILT_PRODUCTS_DIR}/RxCocoa/RxCocoa.framework",
				"${BUILT_PRODUCTS_DIR}/RxSwift/RxSwift.framework",
				"${BUILT_PRODUCTS_DIR}/Swinject/Swinject.framework",
			);
			name = "[CP] Embed Pods Frameworks";
			outputPaths = (
				"${TARGET_BUILD_DIR}/${FRAMEWORKS_FOLDER_PATH}/Alamofire.framework",
				"${TARGET_BUILD_DIR}/${FRAMEWORKS_FOLDER_PATH}/Hero.framework",
				"${TARGET_BUILD_DIR}/${FRAMEWORKS_FOLDER_PATH}/Kingfisher.framework",
				"${TARGET_BUILD_DIR}/${FRAMEWORKS_FOLDER_PATH}/Mapper.framework",
				"${TARGET_BUILD_DIR}/${FRAMEWORKS_FOLDER_PATH}/Moya.framework",
				"${TARGET_BUILD_DIR}/${FRAMEWORKS_FOLDER_PATH}/Moya_ModelMapper.framework",
				"${TARGET_BUILD_DIR}/${FRAMEWORKS_FOLDER_PATH}/ReSwift.framework",
				"${TARGET_BUILD_DIR}/${FRAMEWORKS_FOLDER_PATH}/Result.framework",
				"${TARGET_BUILD_DIR}/${FRAMEWORKS_FOLDER_PATH}/RxCocoa.framework",
				"${TARGET_BUILD_DIR}/${FRAMEWORKS_FOLDER_PATH}/RxSwift.framework",
				"${TARGET_BUILD_DIR}/${FRAMEWORKS_FOLDER_PATH}/Swinject.framework",
			);
			runOnlyForDeploymentPostprocessing = 0;
			shellPath = /bin/sh;
			shellScript = "\"${SRCROOT}/Pods/Target Support Files/Pods-MoyaAndRxSwift/Pods-MoyaAndRxSwift-frameworks.sh\"\n";
			showEnvVarsInLog = 0;
		};
/* End PBXShellScriptBuildPhase section */

/* Begin PBXSourcesBuildPhase section */
		09705343208B49F800882A9B /* Sources */ = {
			isa = PBXSourcesBuildPhase;
			buildActionMask = 2147483647;
			files = (
				09705393208B546D00882A9B /* LocationPlaces.swift in Sources */,
				0970538D208B4FD900882A9B /* PhotoGroup.swift in Sources */,
				0970534D208B49F800882A9B /* ViewController.swift in Sources */,
				0941DE5F208EF4F0002C6B51 /* ServicesConstant.swift in Sources */,
				09705399208B67CD00882A9B /* UserLocationService.swift in Sources */,
				0941DE5D208EF2B1002C6B51 /* NearbyPlacesService.swift in Sources */,
				09705397208B5F3600882A9B /* PlacesService.swift in Sources */,
				09705385208B4B9A00882A9B /* FetchPlacesAction.swift in Sources */,
				0970538F208B511900882A9B /* Place.swift in Sources */,
				0970534B208B49F800882A9B /* AppDelegate.swift in Sources */,
				09705389208B4DF200882A9B /* PlaceTip.swift in Sources */,
				0941DE55208EE974002C6B51 /* AppState.swift in Sources */,
				0941DE57208EECB4002C6B51 /* Injector.swift in Sources */,
				09705387208B4D4000882A9B /* Category.swift in Sources */,
				0941DE68208EFB91002C6B51 /* PlacesViewController.swift in Sources */,
				0970538B208B4F1C00882A9B /* PhotoItem.swift in Sources */,
				0941DE6A208EFB91002C6B51 /* PlaceCollectionViewCell.swift in Sources */,
				09705391208B53D500882A9B /* Group.swift in Sources */,
				0941DE61208EF790002C6B51 /* AppReducer.swift in Sources */,
				09705395208B585400882A9B /* PlacesApi.swift in Sources */,
				0941DE6D208EFBA3002C6B51 /* UIView+FoursquareClone.swift in Sources */,
			);
			runOnlyForDeploymentPostprocessing = 0;
		};
		09705357208B49F900882A9B /* Sources */ = {
			isa = PBXSourcesBuildPhase;
			buildActionMask = 2147483647;
			files = (
				09705360208B49F900882A9B /* MoyaAndRxSwiftTests.swift in Sources */,
			);
			runOnlyForDeploymentPostprocessing = 0;
		};
		09705362208B49F900882A9B /* Sources */ = {
			isa = PBXSourcesBuildPhase;
			buildActionMask = 2147483647;
			files = (
				0970536B208B49F900882A9B /* MoyaAndRxSwiftUITests.swift in Sources */,
			);
			runOnlyForDeploymentPostprocessing = 0;
		};
/* End PBXSourcesBuildPhase section */

/* Begin PBXTargetDependency section */
		0970535D208B49F900882A9B /* PBXTargetDependency */ = {
			isa = PBXTargetDependency;
			target = 09705346208B49F800882A9B /* MoyaAndRxSwift */;
			targetProxy = 0970535C208B49F900882A9B /* PBXContainerItemProxy */;
		};
		09705368208B49F900882A9B /* PBXTargetDependency */ = {
			isa = PBXTargetDependency;
			target = 09705346208B49F800882A9B /* MoyaAndRxSwift */;
			targetProxy = 09705367208B49F900882A9B /* PBXContainerItemProxy */;
		};
/* End PBXTargetDependency section */

/* Begin PBXVariantGroup section */
		0970534E208B49F800882A9B /* Main.storyboard */ = {
			isa = PBXVariantGroup;
			children = (
				0970534F208B49F800882A9B /* Base */,
			);
			name = Main.storyboard;
			sourceTree = "<group>";
		};
		09705353208B49F800882A9B /* LaunchScreen.storyboard */ = {
			isa = PBXVariantGroup;
			children = (
				09705354208B49F800882A9B /* Base */,
			);
			name = LaunchScreen.storyboard;
			sourceTree = "<group>";
		};
/* End PBXVariantGroup section */

/* Begin XCBuildConfiguration section */
		0970536D208B49F900882A9B /* Debug */ = {
			isa = XCBuildConfiguration;
			buildSettings = {
				ALWAYS_SEARCH_USER_PATHS = NO;
				CLANG_ANALYZER_NONNULL = YES;
				CLANG_ANALYZER_NUMBER_OBJECT_CONVERSION = YES_AGGRESSIVE;
				CLANG_CXX_LANGUAGE_STANDARD = "gnu++14";
				CLANG_CXX_LIBRARY = "libc++";
				CLANG_ENABLE_MODULES = YES;
				CLANG_ENABLE_OBJC_ARC = YES;
				CLANG_WARN_BLOCK_CAPTURE_AUTORELEASING = YES;
				CLANG_WARN_BOOL_CONVERSION = YES;
				CLANG_WARN_COMMA = YES;
				CLANG_WARN_CONSTANT_CONVERSION = YES;
				CLANG_WARN_DIRECT_OBJC_ISA_USAGE = YES_ERROR;
				CLANG_WARN_DOCUMENTATION_COMMENTS = YES;
				CLANG_WARN_EMPTY_BODY = YES;
				CLANG_WARN_ENUM_CONVERSION = YES;
				CLANG_WARN_INFINITE_RECURSION = YES;
				CLANG_WARN_INT_CONVERSION = YES;
				CLANG_WARN_NON_LITERAL_NULL_CONVERSION = YES;
				CLANG_WARN_OBJC_LITERAL_CONVERSION = YES;
				CLANG_WARN_OBJC_ROOT_CLASS = YES_ERROR;
				CLANG_WARN_RANGE_LOOP_ANALYSIS = YES;
				CLANG_WARN_STRICT_PROTOTYPES = YES;
				CLANG_WARN_SUSPICIOUS_MOVE = YES;
				CLANG_WARN_UNGUARDED_AVAILABILITY = YES_AGGRESSIVE;
				CLANG_WARN_UNREACHABLE_CODE = YES;
				CLANG_WARN__DUPLICATE_METHOD_MATCH = YES;
				CODE_SIGN_IDENTITY = "iPhone Developer";
				COPY_PHASE_STRIP = NO;
				DEBUG_INFORMATION_FORMAT = dwarf;
				ENABLE_STRICT_OBJC_MSGSEND = YES;
				ENABLE_TESTABILITY = YES;
				GCC_C_LANGUAGE_STANDARD = gnu11;
				GCC_DYNAMIC_NO_PIC = NO;
				GCC_NO_COMMON_BLOCKS = YES;
				GCC_OPTIMIZATION_LEVEL = 0;
				GCC_PREPROCESSOR_DEFINITIONS = (
					"DEBUG=1",
					"$(inherited)",
				);
				GCC_WARN_64_TO_32_BIT_CONVERSION = YES;
				GCC_WARN_ABOUT_RETURN_TYPE = YES_ERROR;
				GCC_WARN_UNDECLARED_SELECTOR = YES;
				GCC_WARN_UNINITIALIZED_AUTOS = YES_AGGRESSIVE;
				GCC_WARN_UNUSED_FUNCTION = YES;
				GCC_WARN_UNUSED_VARIABLE = YES;
				IPHONEOS_DEPLOYMENT_TARGET = 11.2;
				MTL_ENABLE_DEBUG_INFO = YES;
				ONLY_ACTIVE_ARCH = YES;
				SDKROOT = iphoneos;
				SWIFT_ACTIVE_COMPILATION_CONDITIONS = DEBUG;
				SWIFT_OPTIMIZATION_LEVEL = "-Onone";
			};
			name = Debug;
		};
		0970536E208B49F900882A9B /* Release */ = {
			isa = XCBuildConfiguration;
			buildSettings = {
				ALWAYS_SEARCH_USER_PATHS = NO;
				CLANG_ANALYZER_NONNULL = YES;
				CLANG_ANALYZER_NUMBER_OBJECT_CONVERSION = YES_AGGRESSIVE;
				CLANG_CXX_LANGUAGE_STANDARD = "gnu++14";
				CLANG_CXX_LIBRARY = "libc++";
				CLANG_ENABLE_MODULES = YES;
				CLANG_ENABLE_OBJC_ARC = YES;
				CLANG_WARN_BLOCK_CAPTURE_AUTORELEASING = YES;
				CLANG_WARN_BOOL_CONVERSION = YES;
				CLANG_WARN_COMMA = YES;
				CLANG_WARN_CONSTANT_CONVERSION = YES;
				CLANG_WARN_DIRECT_OBJC_ISA_USAGE = YES_ERROR;
				CLANG_WARN_DOCUMENTATION_COMMENTS = YES;
				CLANG_WARN_EMPTY_BODY = YES;
				CLANG_WARN_ENUM_CONVERSION = YES;
				CLANG_WARN_INFINITE_RECURSION = YES;
				CLANG_WARN_INT_CONVERSION = YES;
				CLANG_WARN_NON_LITERAL_NULL_CONVERSION = YES;
				CLANG_WARN_OBJC_LITERAL_CONVERSION = YES;
				CLANG_WARN_OBJC_ROOT_CLASS = YES_ERROR;
				CLANG_WARN_RANGE_LOOP_ANALYSIS = YES;
				CLANG_WARN_STRICT_PROTOTYPES = YES;
				CLANG_WARN_SUSPICIOUS_MOVE = YES;
				CLANG_WARN_UNGUARDED_AVAILABILITY = YES_AGGRESSIVE;
				CLANG_WARN_UNREACHABLE_CODE = YES;
				CLANG_WARN__DUPLICATE_METHOD_MATCH = YES;
				CODE_SIGN_IDENTITY = "iPhone Developer";
				COPY_PHASE_STRIP = NO;
				DEBUG_INFORMATION_FORMAT = "dwarf-with-dsym";
				ENABLE_NS_ASSERTIONS = NO;
				ENABLE_STRICT_OBJC_MSGSEND = YES;
				GCC_C_LANGUAGE_STANDARD = gnu11;
				GCC_NO_COMMON_BLOCKS = YES;
				GCC_WARN_64_TO_32_BIT_CONVERSION = YES;
				GCC_WARN_ABOUT_RETURN_TYPE = YES_ERROR;
				GCC_WARN_UNDECLARED_SELECTOR = YES;
				GCC_WARN_UNINITIALIZED_AUTOS = YES_AGGRESSIVE;
				GCC_WARN_UNUSED_FUNCTION = YES;
				GCC_WARN_UNUSED_VARIABLE = YES;
				IPHONEOS_DEPLOYMENT_TARGET = 11.2;
				MTL_ENABLE_DEBUG_INFO = NO;
				SDKROOT = iphoneos;
				SWIFT_OPTIMIZATION_LEVEL = "-Owholemodule";
				VALIDATE_PRODUCT = YES;
			};
			name = Release;
		};
		09705370208B49F900882A9B /* Debug */ = {
			isa = XCBuildConfiguration;
			baseConfigurationReference = D6F9A4B7D47B055B471F2A14 /* Pods-MoyaAndRxSwift.debug.xcconfig */;
			buildSettings = {
				ASSETCATALOG_COMPILER_APPICON_NAME = AppIcon;
				CODE_SIGN_STYLE = Automatic;
				INFOPLIST_FILE = MoyaAndRxSwift/Info.plist;
				IPHONEOS_DEPLOYMENT_TARGET = 9.0;
				LD_RUNPATH_SEARCH_PATHS = "$(inherited) @executable_path/Frameworks";
				PRODUCT_BUNDLE_IDENTIFIER = InfoEngg.MoyaAndRxSwift;
				PRODUCT_NAME = "$(TARGET_NAME)";
				SWIFT_VERSION = 4.0;
				TARGETED_DEVICE_FAMILY = "1,2";
			};
			name = Debug;
		};
		09705371208B49F900882A9B /* Release */ = {
			isa = XCBuildConfiguration;
			baseConfigurationReference = 3375093406753483E6E1C38C /* Pods-MoyaAndRxSwift.release.xcconfig */;
			buildSettings = {
				ASSETCATALOG_COMPILER_APPICON_NAME = AppIcon;
				CODE_SIGN_STYLE = Automatic;
				INFOPLIST_FILE = MoyaAndRxSwift/Info.plist;
				IPHONEOS_DEPLOYMENT_TARGET = 9.0;
				LD_RUNPATH_SEARCH_PATHS = "$(inherited) @executable_path/Frameworks";
				PRODUCT_BUNDLE_IDENTIFIER = InfoEngg.MoyaAndRxSwift;
				PRODUCT_NAME = "$(TARGET_NAME)";
				SWIFT_VERSION = 4.0;
				TARGETED_DEVICE_FAMILY = "1,2";
			};
			name = Release;
		};
		09705373208B49F900882A9B /* Debug */ = {
			isa = XCBuildConfiguration;
			buildSettings = {
				ALWAYS_EMBED_SWIFT_STANDARD_LIBRARIES = YES;
				BUNDLE_LOADER = "$(TEST_HOST)";
				CODE_SIGN_STYLE = Automatic;
				INFOPLIST_FILE = MoyaAndRxSwiftTests/Info.plist;
				LD_RUNPATH_SEARCH_PATHS = "$(inherited) @executable_path/Frameworks @loader_path/Frameworks";
				PRODUCT_BUNDLE_IDENTIFIER = InfoEngg.MoyaAndRxSwiftTests;
				PRODUCT_NAME = "$(TARGET_NAME)";
				SWIFT_VERSION = 4.0;
				TARGETED_DEVICE_FAMILY = "1,2";
				TEST_HOST = "$(BUILT_PRODUCTS_DIR)/MoyaAndRxSwift.app/MoyaAndRxSwift";
			};
			name = Debug;
		};
		09705374208B49F900882A9B /* Release */ = {
			isa = XCBuildConfiguration;
			buildSettings = {
				ALWAYS_EMBED_SWIFT_STANDARD_LIBRARIES = YES;
				BUNDLE_LOADER = "$(TEST_HOST)";
				CODE_SIGN_STYLE = Automatic;
				INFOPLIST_FILE = MoyaAndRxSwiftTests/Info.plist;
				LD_RUNPATH_SEARCH_PATHS = "$(inherited) @executable_path/Frameworks @loader_path/Frameworks";
				PRODUCT_BUNDLE_IDENTIFIER = InfoEngg.MoyaAndRxSwiftTests;
				PRODUCT_NAME = "$(TARGET_NAME)";
				SWIFT_VERSION = 4.0;
				TARGETED_DEVICE_FAMILY = "1,2";
				TEST_HOST = "$(BUILT_PRODUCTS_DIR)/MoyaAndRxSwift.app/MoyaAndRxSwift";
			};
			name = Release;
		};
		09705376208B49F900882A9B /* Debug */ = {
			isa = XCBuildConfiguration;
			buildSettings = {
				ALWAYS_EMBED_SWIFT_STANDARD_LIBRARIES = YES;
				CODE_SIGN_STYLE = Automatic;
				INFOPLIST_FILE = MoyaAndRxSwiftUITests/Info.plist;
				LD_RUNPATH_SEARCH_PATHS = "$(inherited) @executable_path/Frameworks @loader_path/Frameworks";
				PRODUCT_BUNDLE_IDENTIFIER = InfoEngg.MoyaAndRxSwiftUITests;
				PRODUCT_NAME = "$(TARGET_NAME)";
				SWIFT_VERSION = 4.0;
				TARGETED_DEVICE_FAMILY = "1,2";
				TEST_TARGET_NAME = MoyaAndRxSwift;
			};
			name = Debug;
		};
		09705377208B49F900882A9B /* Release */ = {
			isa = XCBuildConfiguration;
			buildSettings = {
				ALWAYS_EMBED_SWIFT_STANDARD_LIBRARIES = YES;
				CODE_SIGN_STYLE = Automatic;
				INFOPLIST_FILE = MoyaAndRxSwiftUITests/Info.plist;
				LD_RUNPATH_SEARCH_PATHS = "$(inherited) @executable_path/Frameworks @loader_path/Frameworks";
				PRODUCT_BUNDLE_IDENTIFIER = InfoEngg.MoyaAndRxSwiftUITests;
				PRODUCT_NAME = "$(TARGET_NAME)";
				SWIFT_VERSION = 4.0;
				TARGETED_DEVICE_FAMILY = "1,2";
				TEST_TARGET_NAME = MoyaAndRxSwift;
			};
			name = Release;
		};
/* End XCBuildConfiguration section */

/* Begin XCConfigurationList section */
		09705342208B49F800882A9B /* Build configuration list for PBXProject "MoyaAndRxSwift" */ = {
			isa = XCConfigurationList;
			buildConfigurations = (
				0970536D208B49F900882A9B /* Debug */,
				0970536E208B49F900882A9B /* Release */,
			);
			defaultConfigurationIsVisible = 0;
			defaultConfigurationName = Release;
		};
		0970536F208B49F900882A9B /* Build configuration list for PBXNativeTarget "MoyaAndRxSwift" */ = {
			isa = XCConfigurationList;
			buildConfigurations = (
				09705370208B49F900882A9B /* Debug */,
				09705371208B49F900882A9B /* Release */,
			);
			defaultConfigurationIsVisible = 0;
			defaultConfigurationName = Release;
		};
		09705372208B49F900882A9B /* Build configuration list for PBXNativeTarget "MoyaAndRxSwiftTests" */ = {
			isa = XCConfigurationList;
			buildConfigurations = (
				09705373208B49F900882A9B /* Debug */,
				09705374208B49F900882A9B /* Release */,
			);
			defaultConfigurationIsVisible = 0;
			defaultConfigurationName = Release;
		};
		09705375208B49F900882A9B /* Build configuration list for PBXNativeTarget "MoyaAndRxSwiftUITests" */ = {
			isa = XCConfigurationList;
			buildConfigurations = (
				09705376208B49F900882A9B /* Debug */,
				09705377208B49F900882A9B /* Release */,
			);
			defaultConfigurationIsVisible = 0;
			defaultConfigurationName = Release;
		};
/* End XCConfigurationList section */
	};
	rootObject = 0970533F208B49F800882A9B /* Project object */;
}
